
Microsoft Visual Studio Solution File, Format Version 12.00
# Visual Studio Version 17
VisualStudioVersion = 17.2.32519.379
MinimumVisualStudioVersion = 10.0.40219.1
Project("{FAE04EC0-301F-11D3-BF4B-00C04F79EFBC}") = "online_Library_store", "online_Library_store\online_Library_store.csproj", "{95ECC0D6-5105-4ED4-ABA4-152358D083E8}"
EndProject
Global
	GlobalSection(SolutionConfigurationPlatforms) = preSolution
		Debug|Any CPU = Debug|Any CPU
		Release|Any CPU = Release|Any CPU
	EndGlobalSection
	GlobalSection(ProjectConfigurationPlatforms) = postSolution
		{95ECC0D6-5105-4ED4-ABA4-152358D083E8}.Debug|Any CPU.ActiveCfg = Debug|Any CPU
		{95ECC0D6-5105-4ED4-ABA4-152358D083E8}.Debug|Any CPU.Build.0 = Debug|Any CPU
		{95ECC0D6-5105-4ED4-ABA4-152358D083E8}.Release|Any CPU.ActiveCfg = Release|Any CPU
		{95ECC0D6-5105-4ED4-ABA4-152358D083E8}.Release|Any CPU.Build.0 = Release|Any CPU
	EndGlobalSection
	GlobalSection(SolutionProperties) = preSolution
		HideSolutionNode = FALSE
	EndGlobalSection
	GlobalSection(ExtensibilityGlobals) = postSolution
		SolutionGuid = {F950A517-48F2-4C94-B2D7-16F7469FF44A}
	EndGlobalSection
EndGlobal
